
Microsoft Visual Studio Solution File, Format Version 12.00
# Visual Studio Version 16
VisualStudioVersion = 16.0.30011.22
MinimumVisualStudioVersion = 10.0.40219.1
Project("{9A19103F-16F7-4668-BE54-9A1E7A4F7556}") = "Counting_Engine", "Counting_Engine\Counting_Engine.csproj", "{B94EA312-72C1-4914-AA8C-D27F33428A0A}"
EndProject
Project("{9A19103F-16F7-4668-BE54-9A1E7A4F7556}") = "SPY_Simulator", "SPY_Simulator\SPY_Simulator.csproj", "{78E51816-88E7-4671-A9FA-DCD2E548D253}"
EndProject
Project("{9A19103F-16F7-4668-BE54-9A1E7A4F7556}") = "SPY_Data_Processor", "SPY_Data_Processor\SPY_Data_Processor.csproj", "{AF03BF34-9A1C-47EC-AA3A-3C59CFCAB711}"
EndProject
Project("{9A19103F-16F7-4668-BE54-9A1E7A4F7556}") = "DirectoryValidator", "DirectoryValidator\DirectoryValidator.csproj", "{947CCA64-DE7D-4177-9783-D40CF8B35456}"
EndProject
Project("{FAE04EC0-301F-11D3-BF4B-00C04F79EFBC}") = "Simulation", "Simulations\Simulation.csproj", "{91A2FF83-73DE-4E76-B446-899F9EF848CC}"
EndProject
Global
	GlobalSection(SolutionConfigurationPlatforms) = preSolution
		Debug|Any CPU = Debug|Any CPU
		Release|Any CPU = Release|Any CPU
	EndGlobalSection
	GlobalSection(ProjectConfigurationPlatforms) = postSolution
		{B94EA312-72C1-4914-AA8C-D27F33428A0A}.Debug|Any CPU.ActiveCfg = Debug|Any CPU
		{B94EA312-72C1-4914-AA8C-D27F33428A0A}.Debug|Any CPU.Build.0 = Debug|Any CPU
		{B94EA312-72C1-4914-AA8C-D27F33428A0A}.Release|Any CPU.ActiveCfg = Release|Any CPU
		{B94EA312-72C1-4914-AA8C-D27F33428A0A}.Release|Any CPU.Build.0 = Release|Any CPU
		{78E51816-88E7-4671-A9FA-DCD2E548D253}.Debug|Any CPU.ActiveCfg = Debug|Any CPU
		{78E51816-88E7-4671-A9FA-DCD2E548D253}.Debug|Any CPU.Build.0 = Debug|Any CPU
		{78E51816-88E7-4671-A9FA-DCD2E548D253}.Release|Any CPU.ActiveCfg = Release|Any CPU
		{78E51816-88E7-4671-A9FA-DCD2E548D253}.Release|Any CPU.Build.0 = Release|Any CPU
		{AF03BF34-9A1C-47EC-AA3A-3C59CFCAB711}.Debug|Any CPU.ActiveCfg = Debug|Any CPU
		{AF03BF34-9A1C-47EC-AA3A-3C59CFCAB711}.Debug|Any CPU.Build.0 = Debug|Any CPU
		{AF03BF34-9A1C-47EC-AA3A-3C59CFCAB711}.Release|Any CPU.ActiveCfg = Release|Any CPU
		{AF03BF34-9A1C-47EC-AA3A-3C59CFCAB711}.Release|Any CPU.Build.0 = Release|Any CPU
		{947CCA64-DE7D-4177-9783-D40CF8B35456}.Debug|Any CPU.ActiveCfg = Debug|Any CPU
		{947CCA64-DE7D-4177-9783-D40CF8B35456}.Debug|Any CPU.Build.0 = Debug|Any CPU
		{947CCA64-DE7D-4177-9783-D40CF8B35456}.Release|Any CPU.ActiveCfg = Release|Any CPU
		{947CCA64-DE7D-4177-9783-D40CF8B35456}.Release|Any CPU.Build.0 = Release|Any CPU
		{91A2FF83-73DE-4E76-B446-899F9EF848CC}.Debug|Any CPU.ActiveCfg = Debug|Any CPU
		{91A2FF83-73DE-4E76-B446-899F9EF848CC}.Debug|Any CPU.Build.0 = Debug|Any CPU
		{91A2FF83-73DE-4E76-B446-899F9EF848CC}.Release|Any CPU.ActiveCfg = Release|Any CPU
		{91A2FF83-73DE-4E76-B446-899F9EF848CC}.Release|Any CPU.Build.0 = Release|Any CPU
	EndGlobalSection
	GlobalSection(SolutionProperties) = preSolution
		HideSolutionNode = FALSE
	EndGlobalSection
	GlobalSection(ExtensibilityGlobals) = postSolution
		SolutionGuid = {3B7786F9-4D2E-4AB7-A778-C717A094A53C}
	EndGlobalSection
EndGlobal
